PODS:
  - Alamofire (5.8.1)
  - CocoaAsyncSocket (7.6.5)
  - Gifu (3.3.1)
  - IQKeyboardManagerSwift (6.5.16)
  - Kanna (5.2.7)
  - Kingfisher (7.9.1)
  - KRActivityIndicatorView (3.0.7)
  - KRProgressHUD (3.4.7):
    - KRActivityIndicatorView (= 3.0.7)
  - LookinServer (1.2.8):
    - LookinServer/Core (= 1.2.8)
  - LookinServer/Core (1.2.8)
  - lottie-ios (3.4.4)
  - PhoneNetSDK (1.0.12)
  - SkeletonView (1.30.4)
  - SnapKit (5.6.0)
  - SSZipArchive (2.4.3)
  - SwiftSoup (2.6.1)
  - SwiftyBeaver (1.9.5)
  - SwiftyJSON (5.0.1)

DEPENDENCIES:
  - Alamofire (= 5.8.1)
  - CocoaAsyncSocket (= 7.6.5)
  - Gifu (= 3.3.1)
  - IQKeyboardManagerSwift (= 6.5.16)
  - Kanna (= 5.2.7)
  - Kingfisher (= 7.9.1)
  - KRProgressHUD (= 3.4.7)
  - LookinServer
  - lottie-ios (~> 3.4.0)
  - PhoneNetSDK (= 1.0.12)
  - SkeletonView (= 1.30.4)
  - SnapKit (= 5.6.0)
  - SSZipArchive
  - SwiftSoup (= 2.6.1)
  - SwiftyBeaver
  - SwiftyJSON (= 5.0.1)

SPEC REPOS:
  trunk:
    - Alamofire
    - CocoaAsyncSocket
    - Gifu
    - IQKeyboardManagerSwift
    - Kanna
    - Kingfisher
    - KRActivityIndicatorView
    - KRProgressHUD
    - LookinServer
    - lottie-ios
    - PhoneNetSDK
    - SkeletonView
    - SnapKit
    - SSZipArchive
    - SwiftSoup
    - SwiftyBeaver
    - SwiftyJSON

SPEC CHECKSUMS:
  Alamofire: 3ca42e259043ee0dc5c0cdd76c4bc568b8e42af7
  CocoaAsyncSocket: 065fd1e645c7abab64f7a6a2007a48038fdc6a99
  Gifu: 416d4e38c4c2fed012f019e0a1d3ffcb58e5b842
  IQKeyboardManagerSwift: 12d89768845bb77b55cc092ecc2b1f9370f06b76
  Kanna: 01cfbddc127f5ff0963692f285fcbc8a9d62d234
  Kingfisher: 1d14e9f59cbe19389f591c929000332bf70efd32
  KRActivityIndicatorView: ad69e89c4ce40c986cf580595be4829dcad0e35a
  KRProgressHUD: a248f0bc6c9c2aed40a37b76e03ffecc7f85c887
  LookinServer: 1b2b61c6402ae29fa22182d48f5cd067b4e99e80
  lottie-ios: 8f97d3271e155c2d688875c29cd3c74908aef5f8
  PhoneNetSDK: d0f24d066e8a7f2dd8e7c1a162d4c6910266def7
  SkeletonView: 5a050f6411e697abd4cda0a8d767013399dccd69
  SnapKit: e01d52ebb8ddbc333eefe2132acf85c8227d9c25
  SSZipArchive: fe6a26b2a54d5a0890f2567b5cc6de5caa600aef
  SwiftSoup: 5dd2c1b06afc964f30d99894af6ede22ede627aa
  SwiftyBeaver: 84069991dd5dca07d7069100985badaca7f0ce82
  SwiftyJSON: 2f33a42c6fbc52764d96f13368585094bfd8aa5e

PODFILE CHECKSUM: f76a9fa1ce74ae01318c5f4d41f3e1165bef1bf2

COCOAPODS: 1.15.2
