PODS:
  - Alamofire (5.5.0)
  - CocoaAsyncSocket (7.6.5)
  - Gifu (3.3.1)
  - IQKeyboardManagerSwift (6.5.9)
  - Kanna (5.2.7)
  - Kingfisher (7.1.2)
  - KRActivityIndicatorView (3.0.7)
  - KRProgressHUD (3.4.7):
    - KRActivityIndicatorView (= 3.0.7)
  - LookinServer (1.0.4)
  - SkeletonView (1.26.0)
  - SnapKit (5.0.1)
  - SwiftSoup (2.3.4)
  - SwiftyBeaver (1.9.6)
  - SwiftyJSON (5.0.1)
  - YHPDFImageLoader (1.0.0)

DEPENDENCIES:
  - Alamofire
  - CocoaAsyncSocket
  - Gifu
  - IQKeyboardManagerSwift
  - Kanna
  - Kingfisher
  - KRProgressHUD
  - LookinServer
  - SkeletonView
  - SnapKit
  - SwiftSoup
  - SwiftyBeaver
  - SwiftyJSON
  - YHPDFImageLoader

SPEC REPOS:
  trunk:
    - Alamofire
    - CocoaAsyncSocket
    - Gifu
    - IQKeyboardManagerSwift
    - Kanna
    - Kingfisher
    - KRActivityIndicatorView
    - KRProgressHUD
    - LookinServer
    - SkeletonView
    - SnapKit
    - SwiftSoup
    - SwiftyBeaver
    - SwiftyJSON
    - YHPDFImageLoader

SPEC CHECKSUMS:
  Alamofire: 1c4fb5369c3fe93d2857c780d8bbe09f06f97e7c
  CocoaAsyncSocket: 065fd1e645c7abab64f7a6a2007a48038fdc6a99
  Gifu: 416d4e38c4c2fed012f019e0a1d3ffcb58e5b842
  IQKeyboardManagerSwift: 6e839c575c4aa1078d58a596e41244e77abe918f
  Kanna: 01cfbddc127f5ff0963692f285fcbc8a9d62d234
  Kingfisher: 44ed6a8504763f27bab46163adfac83f5deb240c
  KRActivityIndicatorView: ad69e89c4ce40c986cf580595be4829dcad0e35a
  KRProgressHUD: a248f0bc6c9c2aed40a37b76e03ffecc7f85c887
  LookinServer: 743c1681771d0a8dcc38825325a080c3186404a5
  SkeletonView: 6b62a8ddbc64abb113ea3243e4a9979e5750f147
  SnapKit: 97b92857e3df3a0c71833cce143274bf6ef8e5eb
  SwiftSoup: d5b9645498f8d09fdc5f96b9c70b5858099fd411
  SwiftyBeaver: c8241b4745aa269a78ca5a022532c6915e948536
  SwiftyJSON: 2f33a42c6fbc52764d96f13368585094bfd8aa5e
  YHPDFImageLoader: cd9628397fff7fd72368cd26dbc5290f05311276

PODFILE CHECKSUM: 749c9a24ef9765dae1d4fdd1159442f18274bea1

COCOAPODS: 1.11.3
