PODS:
  - Alamofire (5.5.0)
  - CocoaAsyncSocket (7.6.5)
  - Gifu (3.3.1)
  - IQKeyboardManagerSwift (6.5.11)
  - Kanna (5.2.7)
  - Kingfisher (7.7.0)
  - KRActivityIndicatorView (3.0.7)
  - KRProgressHUD (3.4.7):
    - KRActivityIndicatorView (= 3.0.7)
  - LookinServer (1.1.7):
    - LookinServer/Core (= 1.1.7)
  - LookinServer/Core (1.1.7)
  - lottie-ios (4.2.0)
  - SkeletonView (1.30.4)
  - SnapKit (5.6.0)
  - SwiftSoup (2.6.0)
  - SwiftyBeaver (2.0.0)
  - SwiftyJSON (5.0.1)

DEPENDENCIES:
  - Alamofire
  - CocoaAsyncSocket
  - Gifu
  - IQKeyboardManagerSwift
  - Kanna
  - Kingfisher
  - KRProgressHUD
  - LookinServer
  - lottie-ios
  - SkeletonView
  - SnapKit
  - SwiftSoup
  - SwiftyBeaver
  - SwiftyJSON

SPEC REPOS:
  trunk:
    - Alamofire
    - CocoaAsyncSocket
    - Gifu
    - IQKeyboardManagerSwift
    - Kanna
    - Kingfisher
    - KRActivityIndicatorView
    - KRProgressHUD
    - LookinServer
    - lottie-ios
    - SkeletonView
    - SnapKit
    - SwiftSoup
    - SwiftyBeaver
    - SwiftyJSON

SPEC CHECKSUMS:
  Alamofire: 1c4fb5369c3fe93d2857c780d8bbe09f06f97e7c
  CocoaAsyncSocket: 065fd1e645c7abab64f7a6a2007a48038fdc6a99
  Gifu: 416d4e38c4c2fed012f019e0a1d3ffcb58e5b842
  IQKeyboardManagerSwift: c7955c0bdbf7b2eb29bb7daaa44e3d90f55a9a85
  Kanna: 01cfbddc127f5ff0963692f285fcbc8a9d62d234
  Kingfisher: f043ac666dfc96c1f37604f93effb45a7ee3a3e1
  KRActivityIndicatorView: ad69e89c4ce40c986cf580595be4829dcad0e35a
  KRProgressHUD: a248f0bc6c9c2aed40a37b76e03ffecc7f85c887
  LookinServer: 4ce0469b066871525611d009d8d16a7a50c23491
  lottie-ios: 809ecf2d460ed650a6aed7aa88b2ec45fab4779c
  SkeletonView: 5a050f6411e697abd4cda0a8d767013399dccd69
  SnapKit: e01d52ebb8ddbc333eefe2132acf85c8227d9c25
  SwiftSoup: dd9baab0fba4b6ab3ade23a6a47132ebd7d22cb1
  SwiftyBeaver: 014b0c12065026b731bac80305294f27d63e27f6
  SwiftyJSON: 2f33a42c6fbc52764d96f13368585094bfd8aa5e

PODFILE CHECKSUM: 5d647fade6877f7a759604c7fc71c14188d4f74e

COCOAPODS: 1.12.0
